
Microsoft Visual Studio Solution File, Format Version 12.00
# Visual Studio Version 16
VisualStudioVersion = 16.0.31515.178
MinimumVisualStudioVersion = 10.0.40219.1
Project("{FAE04EC0-301F-11D3-BF4B-00C04F79EFBC}") = "Primer proyecto de formularios en Visual C Sharp", "Primer proyecto de formularios en Visual C Sharp\Primer proyecto de formularios en Visual C Sharp.csproj", "{CFA9846E-9DFD-4BD3-A3EF-9067A7201588}"
EndProject
Global
	GlobalSection(SolutionConfigurationPlatforms) = preSolution
		Debug|Any CPU = Debug|Any CPU
		Release|Any CPU = Release|Any CPU
	EndGlobalSection
	GlobalSection(ProjectConfigurationPlatforms) = postSolution
		{CFA9846E-9DFD-4BD3-A3EF-9067A7201588}.Debug|Any CPU.ActiveCfg = Debug|Any CPU
		{CFA9846E-9DFD-4BD3-A3EF-9067A7201588}.Debug|Any CPU.Build.0 = Debug|Any CPU
		{CFA9846E-9DFD-4BD3-A3EF-9067A7201588}.Release|Any CPU.ActiveCfg = Release|Any CPU
		{CFA9846E-9DFD-4BD3-A3EF-9067A7201588}.Release|Any CPU.Build.0 = Release|Any CPU
	EndGlobalSection
	GlobalSection(SolutionProperties) = preSolution
		HideSolutionNode = FALSE
	EndGlobalSection
	GlobalSection(ExtensibilityGlobals) = postSolution
		SolutionGuid = {D9722081-53E3-4A36-841B-18E9ED290BB3}
	EndGlobalSection
EndGlobal
